// !$*UTF8*$!
{
	archiveVersion = 1;
	classes = {
	};
	objectVersion = 56;
	objects = {

/* Begin PBXBuildFile section */
		A3F06DA42B8DC1B2005A56AA /* First_iOSApp.swift in Sources */ = {isa = PBXBuildFile; fileRef = A3F06DA32B8DC1B2005A56AA /* First_iOSApp.swift */; };
		A3F06DA62B8DC1B2005A56AA /* ContentView.swift in Sources */ = {isa = PBXBuildFile; fileRef = A3F06DA52B8DC1B2005A56AA /* ContentView.swift */; };
		A3F06DA82B8DC1B2005A56AA /* Item.swift in Sources */ = {isa = PBXBuildFile; fileRef = A3F06DA72B8DC1B2005A56AA /* Item.swift */; };
		A3F06DAA2B8DC1B5005A56AA /* Assets.xcassets in Resources */ = {isa = PBXBuildFile; fileRef = A3F06DA92B8DC1B5005A56AA /* Assets.xcassets */; };
		A3F06DAD2B8DC1B5005A56AA /* Preview Assets.xcassets in Resources */ = {isa = PBXBuildFile; fileRef = A3F06DAC2B8DC1B5005A56AA /* Preview Assets.xcassets */; };
		A3F06DB72B8DC1B6005A56AA /* First_iOSTests.swift in Sources */ = {isa = PBXBuildFile; fileRef = A3F06DB62B8DC1B6005A56AA /* First_iOSTests.swift */; };
		A3F06DC12B8DC1B6005A56AA /* First_iOSUITests.swift in Sources */ = {isa = PBXBuildFile; fileRef = A3F06DC02B8DC1B6005A56AA /* First_iOSUITests.swift */; };
		A3F06DC32B8DC1B6005A56AA /* First_iOSUITestsLaunchTests.swift in Sources */ = {isa = PBXBuildFile; fileRef = A3F06DC22B8DC1B6005A56AA /* First_iOSUITestsLaunchTests.swift */; };
/* End PBXBuildFile section */

/* Begin PBXContainerItemProxy section */
		A3F06DB32B8DC1B6005A56AA /* PBXContainerItemProxy */ = {
			isa = PBXContainerItemProxy;
			containerPortal = A3F06D982B8DC1B2005A56AA /* Project object */;
			proxyType = 1;
			remoteGlobalIDString = A3F06D9F2B8DC1B2005A56AA;
			remoteInfo = "First iOS";
		};
		A3F06DBD2B8DC1B6005A56AA /* PBXContainerItemProxy */ = {
			isa = PBXContainerItemProxy;
			containerPortal = A3F06D982B8DC1B2005A56AA /* Project object */;
			proxyType = 1;
			remoteGlobalIDString = A3F06D9F2B8DC1B2005A56AA;
			remoteInfo = "First iOS";
		};
/* End PBXContainerItemProxy section */

/* Begin PBXFileReference section */
		A3F06DA02B8DC1B2005A56AA /* First iOS.app */ = {isa = PBXFileReference; explicitFileType = wrapper.application; includeInIndex = 0; path = "First iOS.app"; sourceTree = BUILT_PRODUCTS_DIR; };
		A3F06DA32B8DC1B2005A56AA /* First_iOSApp.swift */ = {isa = PBXFileReference; lastKnownFileType = sourcecode.swift; path = First_iOSApp.swift; sourceTree = "<group>"; };
		A3F06DA52B8DC1B2005A56AA /* ContentView.swift */ = {isa = PBXFileReference; lastKnownFileType = sourcecode.swift; path = ContentView.swift; sourceTree = "<group>"; };
		A3F06DA72B8DC1B2005A56AA /* Item.swift */ = {isa = PBXFileReference; lastKnownFileType = sourcecode.swift; path = Item.swift; sourceTree = "<group>"; };
		A3F06DA92B8DC1B5005A56AA /* Assets.xcassets */ = {isa = PBXFileReference; lastKnownFileType = folder.assetcatalog; path = Assets.xcassets; sourceTree = "<group>"; };
		A3F06DAC2B8DC1B5005A56AA /* Preview Assets.xcassets */ = {isa = PBXFileReference; lastKnownFileType = folder.assetcatalog; path = "Preview Assets.xcassets"; sourceTree = "<group>"; };
		A3F06DB22B8DC1B6005A56AA /* First iOSTests.xctest */ = {isa = PBXFileReference; explicitFileType = wrapper.cfbundle; includeInIndex = 0; path = "First iOSTests.xctest"; sourceTree = BUILT_PRODUCTS_DIR; };
		A3F06DB62B8DC1B6005A56AA /* First_iOSTests.swift */ = {isa = PBXFileReference; lastKnownFileType = sourcecode.swift; path = First_iOSTests.swift; sourceTree = "<group>"; };
		A3F06DBC2B8DC1B6005A56AA /* First iOSUITests.xctest */ = {isa = PBXFileReference; explicitFileType = wrapper.cfbundle; includeInIndex = 0; path = "First iOSUITests.xctest"; sourceTree = BUILT_PRODUCTS_DIR; };
		A3F06DC02B8DC1B6005A56AA /* First_iOSUITests.swift */ = {isa = PBXFileReference; lastKnownFileType = sourcecode.swift; path = First_iOSUITests.swift; sourceTree = "<group>"; };
		A3F06DC22B8DC1B6005A56AA /* First_iOSUITestsLaunchTests.swift */ = {isa = PBXFileReference; lastKnownFileType = sourcecode.swift; path = First_iOSUITestsLaunchTests.swift; sourceTree = "<group>"; };
/* End PBXFileReference section */

/* Begin PBXFrameworksBuildPhase section */
		A3F06D9D2B8DC1B2005A56AA /* Frameworks */ = {
			isa = PBXFrameworksBuildPhase;
			buildActionMask = 2147483647;
			files = (
			);
			runOnlyForDeploymentPostprocessing = 0;
		};
		A3F06DAF2B8DC1B6005A56AA /* Frameworks */ = {
			isa = PBXFrameworksBuildPhase;
			buildActionMask = 2147483647;
			files = (
			);
			runOnlyForDeploymentPostprocessing = 0;
		};
		A3F06DB92B8DC1B6005A56AA /* Frameworks */ = {
			isa = PBXFrameworksBuildPhase;
			buildActionMask = 2147483647;
			files = (
			);
			runOnlyForDeploymentPostprocessing = 0;
		};
/* End PBXFrameworksBuildPhase section */

/* Begin PBXGroup section */
		A3F06D972B8DC1B2005A56AA = {
			isa = PBXGroup;
			children = (
				A3F06DA22B8DC1B2005A56AA /* First iOS */,
				A3F06DB52B8DC1B6005A56AA /* First iOSTests */,
				A3F06DBF2B8DC1B6005A56AA /* First iOSUITests */,
				A3F06DA12B8DC1B2005A56AA /* Products */,
			);
			sourceTree = "<group>";
		};
		A3F06DA12B8DC1B2005A56AA /* Products */ = {
			isa = PBXGroup;
			children = (
				A3F06DA02B8DC1B2005A56AA /* First iOS.app */,
				A3F06DB22B8DC1B6005A56AA /* First iOSTests.xctest */,
				A3F06DBC2B8DC1B6005A56AA /* First iOSUITests.xctest */,
			);
			name = Products;
			sourceTree = "<group>";
		};
		A3F06DA22B8DC1B2005A56AA /* First iOS */ = {
			isa = PBXGroup;
			children = (
				A3F06DA32B8DC1B2005A56AA /* First_iOSApp.swift */,
				A3F06DA52B8DC1B2005A56AA /* ContentView.swift */,
				A3F06DA72B8DC1B2005A56AA /* Item.swift */,
				A3F06DA92B8DC1B5005A56AA /* Assets.xcassets */,
				A3F06DAB2B8DC1B5005A56AA /* Preview Content */,
			);
			path = "First iOS";
			sourceTree = "<group>";
		};
		A3F06DAB2B8DC1B5005A56AA /* Preview Content */ = {
			isa = PBXGroup;
			children = (
				A3F06DAC2B8DC1B5005A56AA /* Preview Assets.xcassets */,
			);
			path = "Preview Content";
			sourceTree = "<group>";
		};
		A3F06DB52B8DC1B6005A56AA /* First iOSTests */ = {
			isa = PBXGroup;
			children = (
				A3F06DB62B8DC1B6005A56AA /* First_iOSTests.swift */,
			);
			path = "First iOSTests";
			sourceTree = "<group>";
		};
		A3F06DBF2B8DC1B6005A56AA /* First iOSUITests */ = {
			isa = PBXGroup;
			children = (
				A3F06DC02B8DC1B6005A56AA /* First_iOSUITests.swift */,
				A3F06DC22B8DC1B6005A56AA /* First_iOSUITestsLaunchTests.swift */,
			);
			path = "First iOSUITests";
			sourceTree = "<group>";
		};
/* End PBXGroup section */

/* Begin PBXNativeTarget section */
		A3F06D9F2B8DC1B2005A56AA /* First iOS */ = {
			isa = PBXNativeTarget;
			buildConfigurationList = A3F06DC62B8DC1B6005A56AA /* Build configuration list for PBXNativeTarget "First iOS" */;
			buildPhases = (
				A3F06D9C2B8DC1B2005A56AA /* Sources */,
				A3F06D9D2B8DC1B2005A56AA /* Frameworks */,
				A3F06D9E2B8DC1B2005A56AA /* Resources */,
			);
			buildRules = (
			);
			dependencies = (
			);
			name = "First iOS";
			productName = "First iOS";
			productReference = A3F06DA02B8DC1B2005A56AA /* First iOS.app */;
			productType = "com.apple.product-type.application";
		};
		A3F06DB12B8DC1B6005A56AA /* First iOSTests */ = {
			isa = PBXNativeTarget;
			buildConfigurationList = A3F06DC92B8DC1B6005A56AA /* Build configuration list for PBXNativeTarget "First iOSTests" */;
			buildPhases = (
				A3F06DAE2B8DC1B6005A56AA /* Sources */,
				A3F06DAF2B8DC1B6005A56AA /* Frameworks */,
				A3F06DB02B8DC1B6005A56AA /* Resources */,
			);
			buildRules = (
			);
			dependencies = (
				A3F06DB42B8DC1B6005A56AA /* PBXTargetDependency */,
			);
			name = "First iOSTests";
			productName = "First iOSTests";
			productReference = A3F06DB22B8DC1B6005A56AA /* First iOSTests.xctest */;
			productType = "com.apple.product-type.bundle.unit-test";
		};
		A3F06DBB2B8DC1B6005A56AA /* First iOSUITests */ = {
			isa = PBXNativeTarget;
			buildConfigurationList = A3F06DCC2B8DC1B6005A56AA /* Build configuration list for PBXNativeTarget "First iOSUITests" */;
			buildPhases = (
				A3F06DB82B8DC1B6005A56AA /* Sources */,
				A3F06DB92B8DC1B6005A56AA /* Frameworks */,
				A3F06DBA2B8DC1B6005A56AA /* Resources */,
			);
			buildRules = (
			);
			dependencies = (
				A3F06DBE2B8DC1B6005A56AA /* PBXTargetDependency */,
			);
			name = "First iOSUITests";
			productName = "First iOSUITests";
			productReference = A3F06DBC2B8DC1B6005A56AA /* First iOSUITests.xctest */;
			productType = "com.apple.product-type.bundle.ui-testing";
		};
/* End PBXNativeTarget section */

/* Begin PBXProject section */
		A3F06D982B8DC1B2005A56AA /* Project object */ = {
			isa = PBXProject;
			attributes = {
				BuildIndependentTargetsInParallel = 1;
				LastSwiftUpdateCheck = 1520;
				LastUpgradeCheck = 1520;
				TargetAttributes = {
					A3F06D9F2B8DC1B2005A56AA = {
						CreatedOnToolsVersion = 15.2;
					};
					A3F06DB12B8DC1B6005A56AA = {
						CreatedOnToolsVersion = 15.2;
						TestTargetID = A3F06D9F2B8DC1B2005A56AA;
					};
					A3F06DBB2B8DC1B6005A56AA = {
						CreatedOnToolsVersion = 15.2;
						TestTargetID = A3F06D9F2B8DC1B2005A56AA;
					};
				};
			};
			buildConfigurationList = A3F06D9B2B8DC1B2005A56AA /* Build configuration list for PBXProject "First iOS" */;
			compatibilityVersion = "Xcode 14.0";
			developmentRegion = en;
			hasScannedForEncodings = 0;
			knownRegions = (
				en,
				Base,
			);
			mainGroup = A3F06D972B8DC1B2005A56AA;
			productRefGroup = A3F06DA12B8DC1B2005A56AA /* Products */;
			projectDirPath = "";
			projectRoot = "";
			targets = (
				A3F06D9F2B8DC1B2005A56AA /* First iOS */,
				A3F06DB12B8DC1B6005A56AA /* First iOSTests */,
				A3F06DBB2B8DC1B6005A56AA /* First iOSUITests */,
			);
		};
/* End PBXProject section */

/* Begin PBXResourcesBuildPhase section */
		A3F06D9E2B8DC1B2005A56AA /* Resources */ = {
			isa = PBXResourcesBuildPhase;
			buildActionMask = 2147483647;
			files = (
				A3F06DAD2B8DC1B5005A56AA /* Preview Assets.xcassets in Resources */,
				A3F06DAA2B8DC1B5005A56AA /* Assets.xcassets in Resources */,
			);
			runOnlyForDeploymentPostprocessing = 0;
		};
		A3F06DB02B8DC1B6005A56AA /* Resources */ = {
			isa = PBXResourcesBuildPhase;
			buildActionMask = 2147483647;
			files = (
			);
			runOnlyForDeploymentPostprocessing = 0;
		};
		A3F06DBA2B8DC1B6005A56AA /* Resources */ = {
			isa = PBXResourcesBuildPhase;
			buildActionMask = 2147483647;
			files = (
			);
			runOnlyForDeploymentPostprocessing = 0;
		};
/* End PBXResourcesBuildPhase section */

/* Begin PBXSourcesBuildPhase section */
		A3F06D9C2B8DC1B2005A56AA /* Sources */ = {
			isa = PBXSourcesBuildPhase;
			buildActionMask = 2147483647;
			files = (
				A3F06DA62B8DC1B2005A56AA /* ContentView.swift in Sources */,
				A3F06DA82B8DC1B2005A56AA /* Item.swift in Sources */,
				A3F06DA42B8DC1B2005A56AA /* First_iOSApp.swift in Sources */,
			);
			runOnlyForDeploymentPostprocessing = 0;
		};
		A3F06DAE2B8DC1B6005A56AA /* Sources */ = {
			isa = PBXSourcesBuildPhase;
			buildActionMask = 2147483647;
			files = (
				A3F06DB72B8DC1B6005A56AA /* First_iOSTests.swift in Sources */,
			);
			runOnlyForDeploymentPostprocessing = 0;
		};
		A3F06DB82B8DC1B6005A56AA /* Sources */ = {
			isa = PBXSourcesBuildPhase;
			buildActionMask = 2147483647;
			files = (
				A3F06DC12B8DC1B6005A56AA /* First_iOSUITests.swift in Sources */,
				A3F06DC32B8DC1B6005A56AA /* First_iOSUITestsLaunchTests.swift in Sources */,
			);
			runOnlyForDeploymentPostprocessing = 0;
		};
/* End PBXSourcesBuildPhase section */

/* Begin PBXTargetDependency section */
		A3F06DB42B8DC1B6005A56AA /* PBXTargetDependency */ = {
			isa = PBXTargetDependency;
			target = A3F06D9F2B8DC1B2005A56AA /* First iOS */;
			targetProxy = A3F06DB32B8DC1B6005A56AA /* PBXContainerItemProxy */;
		};
		A3F06DBE2B8DC1B6005A56AA /* PBXTargetDependency */ = {
			isa = PBXTargetDependency;
			target = A3F06D9F2B8DC1B2005A56AA /* First iOS */;
			targetProxy = A3F06DBD2B8DC1B6005A56AA /* PBXContainerItemProxy */;
		};
/* End PBXTargetDependency section */

/* Begin XCBuildConfiguration section */
		A3F06DC42B8DC1B6005A56AA /* Debug */ = {
			isa = XCBuildConfiguration;
			buildSettings = {
				ALWAYS_SEARCH_USER_PATHS = NO;
				ASSETCATALOG_COMPILER_GENERATE_SWIFT_ASSET_SYMBOL_EXTENSIONS = YES;
				CLANG_ANALYZER_NONNULL = YES;
				CLANG_ANALYZER_NUMBER_OBJECT_CONVERSION = YES_AGGRESSIVE;
				CLANG_CXX_LANGUAGE_STANDARD = "gnu++20";
				CLANG_ENABLE_MODULES = YES;
				CLANG_ENABLE_OBJC_ARC = YES;
				CLANG_ENABLE_OBJC_WEAK = YES;
				CLANG_WARN_BLOCK_CAPTURE_AUTORELEASING = YES;
				CLANG_WARN_BOOL_CONVERSION = YES;
				CLANG_WARN_COMMA = YES;
				CLANG_WARN_CONSTANT_CONVERSION = YES;
				CLANG_WARN_DEPRECATED_OBJC_IMPLEMENTATIONS = YES;
				CLANG_WARN_DIRECT_OBJC_ISA_USAGE = YES_ERROR;
				CLANG_WARN_DOCUMENTATION_COMMENTS = YES;
				CLANG_WARN_EMPTY_BODY = YES;
				CLANG_WARN_ENUM_CONVERSION = YES;
				CLANG_WARN_INFINITE_RECURSION = YES;
				CLANG_WARN_INT_CONVERSION = YES;
				CLANG_WARN_NON_LITERAL_NULL_CONVERSION = YES;
				CLANG_WARN_OBJC_IMPLICIT_RETAIN_SELF = YES;
				CLANG_WARN_OBJC_LITERAL_CONVERSION = YES;
				CLANG_WARN_OBJC_ROOT_CLASS = YES_ERROR;
				CLANG_WARN_QUOTED_INCLUDE_IN_FRAMEWORK_HEADER = YES;
				CLANG_WARN_RANGE_LOOP_ANALYSIS = YES;
				CLANG_WARN_STRICT_PROTOTYPES = YES;
				CLANG_WARN_SUSPICIOUS_MOVE = YES;
				CLANG_WARN_UNGUARDED_AVAILABILITY = YES_AGGRESSIVE;
				CLANG_WARN_UNREACHABLE_CODE = YES;
				CLANG_WARN__DUPLICATE_METHOD_MATCH = YES;
				COPY_PHASE_STRIP = NO;
				DEBUG_INFORMATION_FORMAT = dwarf;
				ENABLE_STRICT_OBJC_MSGSEND = YES;
				ENABLE_TESTABILITY = YES;
				ENABLE_USER_SCRIPT_SANDBOXING = YES;
				GCC_C_LANGUAGE_STANDARD = gnu17;
				GCC_DYNAMIC_NO_PIC = NO;
				GCC_NO_COMMON_BLOCKS = YES;
				GCC_OPTIMIZATION_LEVEL = 0;
				GCC_PREPROCESSOR_DEFINITIONS = (
					"DEBUG=1",
					"$(inherited)",
				);
				GCC_WARN_64_TO_32_BIT_CONVERSION = YES;
				GCC_WARN_ABOUT_RETURN_TYPE = YES_ERROR;
				GCC_WARN_UNDECLARED_SELECTOR = YES;
				GCC_WARN_UNINITIALIZED_AUTOS = YES_AGGRESSIVE;
				GCC_WARN_UNUSED_FUNCTION = YES;
				GCC_WARN_UNUSED_VARIABLE = YES;
				IPHONEOS_DEPLOYMENT_TARGET = 17.2;
				LOCALIZATION_PREFERS_STRING_CATALOGS = YES;
				MTL_ENABLE_DEBUG_INFO = INCLUDE_SOURCE;
				MTL_FAST_MATH = YES;
				ONLY_ACTIVE_ARCH = YES;
				SDKROOT = iphoneos;
				SWIFT_ACTIVE_COMPILATION_CONDITIONS = "DEBUG $(inherited)";
				SWIFT_OPTIMIZATION_LEVEL = "-Onone";
			};
			name = Debug;
		};
		A3F06DC52B8DC1B6005A56AA /* Release */ = {
			isa = XCBuildConfiguration;
			buildSettings = {
				ALWAYS_SEARCH_USER_PATHS = NO;
				ASSETCATALOG_COMPILER_GENERATE_SWIFT_ASSET_SYMBOL_EXTENSIONS = YES;
				CLANG_ANALYZER_NONNULL = YES;
				CLANG_ANALYZER_NUMBER_OBJECT_CONVERSION = YES_AGGRESSIVE;
				CLANG_CXX_LANGUAGE_STANDARD = "gnu++20";
				CLANG_ENABLE_MODULES = YES;
				CLANG_ENABLE_OBJC_ARC = YES;
				CLANG_ENABLE_OBJC_WEAK = YES;
				CLANG_WARN_BLOCK_CAPTURE_AUTORELEASING = YES;
				CLANG_WARN_BOOL_CONVERSION = YES;
				CLANG_WARN_COMMA = YES;
				CLANG_WARN_CONSTANT_CONVERSION = YES;
				CLANG_WARN_DEPRECATED_OBJC_IMPLEMENTATIONS = YES;
				CLANG_WARN_DIRECT_OBJC_ISA_USAGE = YES_ERROR;
				CLANG_WARN_DOCUMENTATION_COMMENTS = YES;
				CLANG_WARN_EMPTY_BODY = YES;
				CLANG_WARN_ENUM_CONVERSION = YES;
				CLANG_WARN_INFINITE_RECURSION = YES;
				CLANG_WARN_INT_CONVERSION = YES;
				CLANG_WARN_NON_LITERAL_NULL_CONVERSION = YES;
				CLANG_WARN_OBJC_IMPLICIT_RETAIN_SELF = YES;
				CLANG_WARN_OBJC_LITERAL_CONVERSION = YES;
				CLANG_WARN_OBJC_ROOT_CLASS = YES_ERROR;
				CLANG_WARN_QUOTED_INCLUDE_IN_FRAMEWORK_HEADER = YES;
				CLANG_WARN_RANGE_LOOP_ANALYSIS = YES;
				CLANG_WARN_STRICT_PROTOTYPES = YES;
				CLANG_WARN_SUSPICIOUS_MOVE = YES;
				CLANG_WARN_UNGUARDED_AVAILABILITY = YES_AGGRESSIVE;
				CLANG_WARN_UNREACHABLE_CODE = YES;
				CLANG_WARN__DUPLICATE_METHOD_MATCH = YES;
				COPY_PHASE_STRIP = NO;
				DEBUG_INFORMATION_FORMAT = "dwarf-with-dsym";
				ENABLE_NS_ASSERTIONS = NO;
				ENABLE_STRICT_OBJC_MSGSEND = YES;
				ENABLE_USER_SCRIPT_SANDBOXING = YES;
				GCC_C_LANGUAGE_STANDARD = gnu17;
				GCC_NO_COMMON_BLOCKS = YES;
				GCC_WARN_64_TO_32_BIT_CONVERSION = YES;
				GCC_WARN_ABOUT_RETURN_TYPE = YES_ERROR;
				GCC_WARN_UNDECLARED_SELECTOR = YES;
				GCC_WARN_UNINITIALIZED_AUTOS = YES_AGGRESSIVE;
				GCC_WARN_UNUSED_FUNCTION = YES;
				GCC_WARN_UNUSED_VARIABLE = YES;
				IPHONEOS_DEPLOYMENT_TARGET = 17.2;
				LOCALIZATION_PREFERS_STRING_CATALOGS = YES;
				MTL_ENABLE_DEBUG_INFO = NO;
				MTL_FAST_MATH = YES;
				SDKROOT = iphoneos;
				SWIFT_COMPILATION_MODE = wholemodule;
				VALIDATE_PRODUCT = YES;
			};
			name = Release;
		};
		A3F06DC72B8DC1B6005A56AA /* Debug */ = {
			isa = XCBuildConfiguration;
			buildSettings = {
				ASSETCATALOG_COMPILER_APPICON_NAME = AppIcon;
				ASSETCATALOG_COMPILER_GLOBAL_ACCENT_COLOR_NAME = AccentColor;
				CODE_SIGN_STYLE = Automatic;
				CURRENT_PROJECT_VERSION = 1;
				DEVELOPMENT_ASSET_PATHS = "\"First iOS/Preview Content\"";
				DEVELOPMENT_TEAM = BVRBJ3XSN4;
				ENABLE_PREVIEWS = YES;
				GENERATE_INFOPLIST_FILE = YES;
				INFOPLIST_KEY_UIApplicationSceneManifest_Generation = YES;
				INFOPLIST_KEY_UIApplicationSupportsIndirectInputEvents = YES;
				INFOPLIST_KEY_UILaunchScreen_Generation = YES;
				INFOPLIST_KEY_UISupportedInterfaceOrientations_iPad = "UIInterfaceOrientationPortrait UIInterfaceOrientationPortraitUpsideDown UIInterfaceOrientationLandscapeLeft UIInterfaceOrientationLandscapeRight";
				INFOPLIST_KEY_UISupportedInterfaceOrientations_iPhone = "UIInterfaceOrientationPortrait UIInterfaceOrientationLandscapeLeft UIInterfaceOrientationLandscapeRight";
				LD_RUNPATH_SEARCH_PATHS = (
					"$(inherited)",
					"@executable_path/Frameworks",
				);
				MARKETING_VERSION = 1.0;
				PRODUCT_BUNDLE_IDENTIFIER = "AnandaVicky.First-iOS";
				PRODUCT_NAME = "$(TARGET_NAME)";
				SWIFT_EMIT_LOC_STRINGS = YES;
				SWIFT_VERSION = 5.0;
				TARGETED_DEVICE_FAMILY = "1,2";
			};
			name = Debug;
		};
		A3F06DC82B8DC1B6005A56AA /* Release */ = {
			isa = XCBuildConfiguration;
			buildSettings = {
				ASSETCATALOG_COMPILER_APPICON_NAME = AppIcon;
				ASSETCATALOG_COMPILER_GLOBAL_ACCENT_COLOR_NAME = AccentColor;
				CODE_SIGN_STYLE = Automatic;
				CURRENT_PROJECT_VERSION = 1;
				DEVELOPMENT_ASSET_PATHS = "\"First iOS/Preview Content\"";
				DEVELOPMENT_TEAM = BVRBJ3XSN4;
				ENABLE_PREVIEWS = YES;
				GENERATE_INFOPLIST_FILE = YES;
				INFOPLIST_KEY_UIApplicationSceneManifest_Generation = YES;
				INFOPLIST_KEY_UIApplicationSupportsIndirectInputEvents = YES;
				INFOPLIST_KEY_UILaunchScreen_Generation = YES;
				INFOPLIST_KEY_UISupportedInterfaceOrientations_iPad = "UIInterfaceOrientationPortrait UIInterfaceOrientationPortraitUpsideDown UIInterfaceOrientationLandscapeLeft UIInterfaceOrientationLandscapeRight";
				INFOPLIST_KEY_UISupportedInterfaceOrientations_iPhone = "UIInterfaceOrientationPortrait UIInterfaceOrientationLandscapeLeft UIInterfaceOrientationLandscapeRight";
				LD_RUNPATH_SEARCH_PATHS = (
					"$(inherited)",
					"@executable_path/Frameworks",
				);
				MARKETING_VERSION = 1.0;
				PRODUCT_BUNDLE_IDENTIFIER = "AnandaVicky.First-iOS";
				PRODUCT_NAME = "$(TARGET_NAME)";
				SWIFT_EMIT_LOC_STRINGS = YES;
				SWIFT_VERSION = 5.0;
				TARGETED_DEVICE_FAMILY = "1,2";
			};
			name = Release;
		};
		A3F06DCA2B8DC1B6005A56AA /* Debug */ = {
			isa = XCBuildConfiguration;
			buildSettings = {
				ALWAYS_EMBED_SWIFT_STANDARD_LIBRARIES = YES;
				BUNDLE_LOADER = "$(TEST_HOST)";
				CODE_SIGN_STYLE = Automatic;
				CURRENT_PROJECT_VERSION = 1;
				DEVELOPMENT_TEAM = BVRBJ3XSN4;
				GENERATE_INFOPLIST_FILE = YES;
				IPHONEOS_DEPLOYMENT_TARGET = 17.2;
				MARKETING_VERSION = 1.0;
				PRODUCT_BUNDLE_IDENTIFIER = "AnandaVicky.First-iOSTests";
				PRODUCT_NAME = "$(TARGET_NAME)";
				SWIFT_EMIT_LOC_STRINGS = NO;
				SWIFT_VERSION = 5.0;
				TARGETED_DEVICE_FAMILY = "1,2";
				TEST_HOST = "$(BUILT_PRODUCTS_DIR)/First iOS.app/$(BUNDLE_EXECUTABLE_FOLDER_PATH)/First iOS";
			};
			name = Debug;
		};
		A3F06DCB2B8DC1B6005A56AA /* Release */ = {
			isa = XCBuildConfiguration;
			buildSettings = {
				ALWAYS_EMBED_SWIFT_STANDARD_LIBRARIES = YES;
				BUNDLE_LOADER = "$(TEST_HOST)";
				CODE_SIGN_STYLE = Automatic;
				CURRENT_PROJECT_VERSION = 1;
				DEVELOPMENT_TEAM = BVRBJ3XSN4;
				GENERATE_INFOPLIST_FILE = YES;
				IPHONEOS_DEPLOYMENT_TARGET = 17.2;
				MARKETING_VERSION = 1.0;
				PRODUCT_BUNDLE_IDENTIFIER = "AnandaVicky.First-iOSTests";
				PRODUCT_NAME = "$(TARGET_NAME)";
				SWIFT_EMIT_LOC_STRINGS = NO;
				SWIFT_VERSION = 5.0;
				TARGETED_DEVICE_FAMILY = "1,2";
				TEST_HOST = "$(BUILT_PRODUCTS_DIR)/First iOS.app/$(BUNDLE_EXECUTABLE_FOLDER_PATH)/First iOS";
			};
			name = Release;
		};
		A3F06DCD2B8DC1B6005A56AA /* Debug */ = {
			isa = XCBuildConfiguration;
			buildSettings = {
				ALWAYS_EMBED_SWIFT_STANDARD_LIBRARIES = YES;
				CODE_SIGN_STYLE = Automatic;
				CURRENT_PROJECT_VERSION = 1;
				DEVELOPMENT_TEAM = BVRBJ3XSN4;
				GENERATE_INFOPLIST_FILE = YES;
				MARKETING_VERSION = 1.0;
				PRODUCT_BUNDLE_IDENTIFIER = "AnandaVicky.First-iOSUITests";
				PRODUCT_NAME = "$(TARGET_NAME)";
				SWIFT_EMIT_LOC_STRINGS = NO;
				SWIFT_VERSION = 5.0;
				TARGETED_DEVICE_FAMILY = "1,2";
				TEST_TARGET_NAME = "First iOS";
			};
			name = Debug;
		};
		A3F06DCE2B8DC1B6005A56AA /* Release */ = {
			isa = XCBuildConfiguration;
			buildSettings = {
				ALWAYS_EMBED_SWIFT_STANDARD_LIBRARIES = YES;
				CODE_SIGN_STYLE = Automatic;
				CURRENT_PROJECT_VERSION = 1;
				DEVELOPMENT_TEAM = BVRBJ3XSN4;
				GENERATE_INFOPLIST_FILE = YES;
				MARKETING_VERSION = 1.0;
				PRODUCT_BUNDLE_IDENTIFIER = "AnandaVicky.First-iOSUITests";
				PRODUCT_NAME = "$(TARGET_NAME)";
				SWIFT_EMIT_LOC_STRINGS = NO;
				SWIFT_VERSION = 5.0;
				TARGETED_DEVICE_FAMILY = "1,2";
				TEST_TARGET_NAME = "First iOS";
			};
			name = Release;
		};
/* End XCBuildConfiguration section */

/* Begin XCConfigurationList section */
		A3F06D9B2B8DC1B2005A56AA /* Build configuration list for PBXProject "First iOS" */ = {
			isa = XCConfigurationList;
			buildConfigurations = (
				A3F06DC42B8DC1B6005A56AA /* Debug */,
				A3F06DC52B8DC1B6005A56AA /* Release */,
			);
			defaultConfigurationIsVisible = 0;
			defaultConfigurationName = Release;
		};
		A3F06DC62B8DC1B6005A56AA /* Build configuration list for PBXNativeTarget "First iOS" */ = {
			isa = XCConfigurationList;
			buildConfigurations = (
				A3F06DC72B8DC1B6005A56AA /* Debug */,
				A3F06DC82B8DC1B6005A56AA /* Release */,
			);
			defaultConfigurationIsVisible = 0;
			defaultConfigurationName = Release;
		};
		A3F06DC92B8DC1B6005A56AA /* Build configuration list for PBXNativeTarget "First iOSTests" */ = {
			isa = XCConfigurationList;
			buildConfigurations = (
				A3F06DCA2B8DC1B6005A56AA /* Debug */,
				A3F06DCB2B8DC1B6005A56AA /* Release */,
			);
			defaultConfigurationIsVisible = 0;
			defaultConfigurationName = Release;
		};
		A3F06DCC2B8DC1B6005A56AA /* Build configuration list for PBXNativeTarget "First iOSUITests" */ = {
			isa = XCConfigurationList;
			buildConfigurations = (
				A3F06DCD2B8DC1B6005A56AA /* Debug */,
				A3F06DCE2B8DC1B6005A56AA /* Release */,
			);
			defaultConfigurationIsVisible = 0;
			defaultConfigurationName = Release;
		};
/* End XCConfigurationList section */
	};
	rootObject = A3F06D982B8DC1B2005A56AA /* Project object */;
}
